// !$*UTF8*$!
{
	archiveVersion = 1;
	classes = {
	};
	objectVersion = 46;
	objects = {

/* Begin PBXBuildFile section */
		ED15CEF81F07DC7000060015 /* PlaySoundsViewController.swift in Sources */ = {isa = PBXBuildFile; fileRef = ED15CEF71F07DC7000060015 /* PlaySoundsViewController.swift */; };
		EDC905AA1F09EC04007B078C /* playsoundsviewcontroller-audio.swift in Sources */ = {isa = PBXBuildFile; fileRef = EDC905A91F09EC04007B078C /* playsoundsviewcontroller-audio.swift */; };
		EDDD62CB1F05B1E900AEE83E /* AppDelegate.swift in Sources */ = {isa = PBXBuildFile; fileRef = EDDD62CA1F05B1E900AEE83E /* AppDelegate.swift */; };
		EDDD62CD1F05B1E900AEE83E /* RecordSoundsViewController.swift in Sources */ = {isa = PBXBuildFile; fileRef = EDDD62CC1F05B1E900AEE83E /* RecordSoundsViewController.swift */; };
		EDDD62D01F05B1E900AEE83E /* Main.storyboard in Resources */ = {isa = PBXBuildFile; fileRef = EDDD62CE1F05B1E900AEE83E /* Main.storyboard */; };
		EDDD62D21F05B1E900AEE83E /* Assets.xcassets in Resources */ = {isa = PBXBuildFile; fileRef = EDDD62D11F05B1E900AEE83E /* Assets.xcassets */; };
		EDDD62D51F05B1E900AEE83E /* LaunchScreen.storyboard in Resources */ = {isa = PBXBuildFile; fileRef = EDDD62D31F05B1E900AEE83E /* LaunchScreen.storyboard */; };
/* End PBXBuildFile section */

/* Begin PBXFileReference section */
		ED15CEF71F07DC7000060015 /* PlaySoundsViewController.swift */ = {isa = PBXFileReference; fileEncoding = 4; lastKnownFileType = sourcecode.swift; path = PlaySoundsViewController.swift; sourceTree = "<group>"; };
		EDC905A91F09EC04007B078C /* playsoundsviewcontroller-audio.swift */ = {isa = PBXFileReference; fileEncoding = 4; lastKnownFileType = sourcecode.swift; path = "playsoundsviewcontroller-audio.swift"; sourceTree = "<group>"; };
		EDDD62C71F05B1E900AEE83E /* PitchPerfect.app */ = {isa = PBXFileReference; explicitFileType = wrapper.application; includeInIndex = 0; path = PitchPerfect.app; sourceTree = BUILT_PRODUCTS_DIR; };
		EDDD62CA1F05B1E900AEE83E /* AppDelegate.swift */ = {isa = PBXFileReference; lastKnownFileType = sourcecode.swift; path = AppDelegate.swift; sourceTree = "<group>"; };
		EDDD62CC1F05B1E900AEE83E /* RecordSoundsViewController.swift */ = {isa = PBXFileReference; lastKnownFileType = sourcecode.swift; path = RecordSoundsViewController.swift; sourceTree = "<group>"; };
		EDDD62CF1F05B1E900AEE83E /* Base */ = {isa = PBXFileReference; lastKnownFileType = file.storyboard; name = Base; path = Base.lproj/Main.storyboard; sourceTree = "<group>"; };
		EDDD62D11F05B1E900AEE83E /* Assets.xcassets */ = {isa = PBXFileReference; lastKnownFileType = folder.assetcatalog; path = Assets.xcassets; sourceTree = "<group>"; };
		EDDD62D41F05B1E900AEE83E /* Base */ = {isa = PBXFileReference; lastKnownFileType = file.storyboard; name = Base; path = Base.lproj/LaunchScreen.storyboard; sourceTree = "<group>"; };
		EDDD62D61F05B1E900AEE83E /* Info.plist */ = {isa = PBXFileReference; lastKnownFileType = text.plist.xml; path = Info.plist; sourceTree = "<group>"; };
/* End PBXFileReference section */

/* Begin PBXFrameworksBuildPhase section */
		EDDD62C41F05B1E900AEE83E /* Frameworks */ = {
			isa = PBXFrameworksBuildPhase;
			buildActionMask = 2147483647;
			files = (
			);
			runOnlyForDeploymentPostprocessing = 0;
		};
/* End PBXFrameworksBuildPhase section */

/* Begin PBXGroup section */
		EDDD62BE1F05B1E900AEE83E = {
			isa = PBXGroup;
			children = (
				EDDD62C91F05B1E900AEE83E /* PitchPerfect */,
				EDDD62C81F05B1E900AEE83E /* Products */,
			);
			sourceTree = "<group>";
		};
		EDDD62C81F05B1E900AEE83E /* Products */ = {
			isa = PBXGroup;
			children = (
				EDDD62C71F05B1E900AEE83E /* PitchPerfect.app */,
			);
			name = Products;
			sourceTree = "<group>";
		};
		EDDD62C91F05B1E900AEE83E /* PitchPerfect */ = {
			isa = PBXGroup;
			children = (
				EDDD62CA1F05B1E900AEE83E /* AppDelegate.swift */,
				EDDD62CC1F05B1E900AEE83E /* RecordSoundsViewController.swift */,
				EDDD62CE1F05B1E900AEE83E /* Main.storyboard */,
				EDDD62D11F05B1E900AEE83E /* Assets.xcassets */,
				EDDD62D31F05B1E900AEE83E /* LaunchScreen.storyboard */,
				EDDD62D61F05B1E900AEE83E /* Info.plist */,
				EDC905A91F09EC04007B078C /* playsoundsviewcontroller-audio.swift */,
				ED15CEF71F07DC7000060015 /* PlaySoundsViewController.swift */,
			);
			path = PitchPerfect;
			sourceTree = "<group>";
		};
/* End PBXGroup section */

/* Begin PBXNativeTarget section */
		EDDD62C61F05B1E900AEE83E /* PitchPerfect */ = {
			isa = PBXNativeTarget;
			buildConfigurationList = EDDD62D91F05B1E900AEE83E /* Build configuration list for PBXNativeTarget "PitchPerfect" */;
			buildPhases = (
				EDDD62C31F05B1E900AEE83E /* Sources */,
				EDDD62C41F05B1E900AEE83E /* Frameworks */,
				EDDD62C51F05B1E900AEE83E /* Resources */,
			);
			buildRules = (
			);
			dependencies = (
			);
			name = PitchPerfect;
			productName = PitchPerfect;
			productReference = EDDD62C71F05B1E900AEE83E /* PitchPerfect.app */;
			productType = "com.apple.product-type.application";
		};
/* End PBXNativeTarget section */

/* Begin PBXProject section */
		EDDD62BF1F05B1E900AEE83E /* Project object */ = {
			isa = PBXProject;
			attributes = {
				LastSwiftUpdateCheck = 0830;
				LastUpgradeCheck = 0830;
				ORGANIZATIONNAME = JackHowa;
				TargetAttributes = {
					EDDD62C61F05B1E900AEE83E = {
						CreatedOnToolsVersion = 8.3.2;
						DevelopmentTeam = GBSL72H2K7;
						ProvisioningStyle = Automatic;
					};
				};
			};
			buildConfigurationList = EDDD62C21F05B1E900AEE83E /* Build configuration list for PBXProject "PitchPerfect" */;
			compatibilityVersion = "Xcode 3.2";
			developmentRegion = English;
			hasScannedForEncodings = 0;
			knownRegions = (
				en,
				Base,
			);
			mainGroup = EDDD62BE1F05B1E900AEE83E;
			productRefGroup = EDDD62C81F05B1E900AEE83E /* Products */;
			projectDirPath = "";
			projectRoot = "";
			targets = (
				EDDD62C61F05B1E900AEE83E /* PitchPerfect */,
			);
		};
/* End PBXProject section */

/* Begin PBXResourcesBuildPhase section */
		EDDD62C51F05B1E900AEE83E /* Resources */ = {
			isa = PBXResourcesBuildPhase;
			buildActionMask = 2147483647;
			files = (
				EDDD62D51F05B1E900AEE83E /* LaunchScreen.storyboard in Resources */,
				EDDD62D21F05B1E900AEE83E /* Assets.xcassets in Resources */,
				EDDD62D01F05B1E900AEE83E /* Main.storyboard in Resources */,
			);
			runOnlyForDeploymentPostprocessing = 0;
		};
/* End PBXResourcesBuildPhase section */

/* Begin PBXSourcesBuildPhase section */
		EDDD62C31F05B1E900AEE83E /* Sources */ = {
			isa = PBXSourcesBuildPhase;
			buildActionMask = 2147483647;
			files = (
				EDDD62CD1F05B1E900AEE83E /* RecordSoundsViewController.swift in Sources */,
				ED15CEF81F07DC7000060015 /* PlaySoundsViewController.swift in Sources */,
				EDDD62CB1F05B1E900AEE83E /* AppDelegate.swift in Sources */,
				EDC905AA1F09EC04007B078C /* playsoundsviewcontroller-audio.swift in Sources */,
			);
			runOnlyForDeploymentPostprocessing = 0;
		};
/* End PBXSourcesBuildPhase section */

/* Begin PBXVariantGroup section */
		EDDD62CE1F05B1E900AEE83E /* Main.storyboard */ = {
			isa = PBXVariantGroup;
			children = (
				EDDD62CF1F05B1E900AEE83E /* Base */,
			);
			name = Main.storyboard;
			sourceTree = "<group>";
		};
		EDDD62D31F05B1E900AEE83E /* LaunchScreen.storyboard */ = {
			isa = PBXVariantGroup;
			children = (
				EDDD62D41F05B1E900AEE83E /* Base */,
			);
			name = LaunchScreen.storyboard;
			sourceTree = "<group>";
		};
/* End PBXVariantGroup section */

/* Begin XCBuildConfiguration section */
		EDDD62D71F05B1E900AEE83E /* Debug */ = {
			isa = XCBuildConfiguration;
			buildSettings = {
				ALWAYS_SEARCH_USER_PATHS = NO;
				CLANG_ANALYZER_NONNULL = YES;
				CLANG_ANALYZER_NUMBER_OBJECT_CONVERSION = YES_AGGRESSIVE;
				CLANG_CXX_LANGUAGE_STANDARD = "gnu++0x";
				CLANG_CXX_LIBRARY = "libc++";
				CLANG_ENABLE_MODULES = YES;
				CLANG_ENABLE_OBJC_ARC = YES;
				CLANG_WARN_BOOL_CONVERSION = YES;
				CLANG_WARN_CONSTANT_CONVERSION = YES;
				CLANG_WARN_DIRECT_OBJC_ISA_USAGE = YES_ERROR;
				CLANG_WARN_DOCUMENTATION_COMMENTS = YES;
				CLANG_WARN_EMPTY_BODY = YES;
				CLANG_WARN_ENUM_CONVERSION = YES;
				CLANG_WARN_INFINITE_RECURSION = YES;
				CLANG_WARN_INT_CONVERSION = YES;
				CLANG_WARN_OBJC_ROOT_CLASS = YES_ERROR;
				CLANG_WARN_SUSPICIOUS_MOVE = YES;
				CLANG_WARN_UNREACHABLE_CODE = YES;
				CLANG_WARN__DUPLICATE_METHOD_MATCH = YES;
				"CODE_SIGN_IDENTITY[sdk=iphoneos*]" = "iPhone Developer";
				COPY_PHASE_STRIP = NO;
				DEBUG_INFORMATION_FORMAT = dwarf;
				ENABLE_STRICT_OBJC_MSGSEND = YES;
				ENABLE_TESTABILITY = YES;
				GCC_C_LANGUAGE_STANDARD = gnu99;
				GCC_DYNAMIC_NO_PIC = NO;
				GCC_NO_COMMON_BLOCKS = YES;
				GCC_OPTIMIZATION_LEVEL = 0;
				GCC_PREPROCESSOR_DEFINITIONS = (
					"DEBUG=1",
					"$(inherited)",
				);
				GCC_WARN_64_TO_32_BIT_CONVERSION = YES;
				GCC_WARN_ABOUT_RETURN_TYPE = YES_ERROR;
				GCC_WARN_UNDECLARED_SELECTOR = YES;
				GCC_WARN_UNINITIALIZED_AUTOS = YES_AGGRESSIVE;
				GCC_WARN_UNUSED_FUNCTION = YES;
				GCC_WARN_UNUSED_VARIABLE = YES;
				IPHONEOS_DEPLOYMENT_TARGET = 10.3;
				MTL_ENABLE_DEBUG_INFO = YES;
				ONLY_ACTIVE_ARCH = YES;
				SDKROOT = iphoneos;
				SWIFT_ACTIVE_COMPILATION_CONDITIONS = DEBUG;
				SWIFT_OPTIMIZATION_LEVEL = "-Onone";
				TARGETED_DEVICE_FAMILY = "1,2";
			};
			name = Debug;
		};
		EDDD62D81F05B1E900AEE83E /* Release */ = {
			isa = XCBuildConfiguration;
			buildSettings = {
				ALWAYS_SEARCH_USER_PATHS = NO;
				CLANG_ANALYZER_NONNULL = YES;
				CLANG_ANALYZER_NUMBER_OBJECT_CONVERSION = YES_AGGRESSIVE;
				CLANG_CXX_LANGUAGE_STANDARD = "gnu++0x";
				CLANG_CXX_LIBRARY = "libc++";
				CLANG_ENABLE_MODULES = YES;
				CLANG_ENABLE_OBJC_ARC = YES;
				CLANG_WARN_BOOL_CONVERSION = YES;
				CLANG_WARN_CONSTANT_CONVERSION = YES;
				CLANG_WARN_DIRECT_OBJC_ISA_USAGE = YES_ERROR;
				CLANG_WARN_DOCUMENTATION_COMMENTS = YES;
				CLANG_WARN_EMPTY_BODY = YES;
				CLANG_WARN_ENUM_CONVERSION = YES;
				CLANG_WARN_INFINITE_RECURSION = YES;
				CLANG_WARN_INT_CONVERSION = YES;
				CLANG_WARN_OBJC_ROOT_CLASS = YES_ERROR;
				CLANG_WARN_SUSPICIOUS_MOVE = YES;
				CLANG_WARN_UNREACHABLE_CODE = YES;
				CLANG_WARN__DUPLICATE_METHOD_MATCH = YES;
				"CODE_SIGN_IDENTITY[sdk=iphoneos*]" = "iPhone Developer";
				COPY_PHASE_STRIP = NO;
				DEBUG_INFORMATION_FORMAT = "dwarf-with-dsym";
				ENABLE_NS_ASSERTIONS = NO;
				ENABLE_STRICT_OBJC_MSGSEND = YES;
				GCC_C_LANGUAGE_STANDARD = gnu99;
				GCC_NO_COMMON_BLOCKS = YES;
				GCC_WARN_64_TO_32_BIT_CONVERSION = YES;
				GCC_WARN_ABOUT_RETURN_TYPE = YES_ERROR;
				GCC_WARN_UNDECLARED_SELECTOR = YES;
				GCC_WARN_UNINITIALIZED_AUTOS = YES_AGGRESSIVE;
				GCC_WARN_UNUSED_FUNCTION = YES;
				GCC_WARN_UNUSED_VARIABLE = YES;
				IPHONEOS_DEPLOYMENT_TARGET = 10.3;
				MTL_ENABLE_DEBUG_INFO = NO;
				SDKROOT = iphoneos;
				SWIFT_OPTIMIZATION_LEVEL = "-Owholemodule";
				TARGETED_DEVICE_FAMILY = "1,2";
				VALIDATE_PRODUCT = YES;
			};
			name = Release;
		};
		EDDD62DA1F05B1E900AEE83E /* Debug */ = {
			isa = XCBuildConfiguration;
			buildSettings = {
				ASSETCATALOG_COMPILER_APPICON_NAME = AppIcon;
				DEVELOPMENT_TEAM = GBSL72H2K7;
				INFOPLIST_FILE = PitchPerfect/Info.plist;
				LD_RUNPATH_SEARCH_PATHS = "$(inherited) @executable_path/Frameworks";
				PRODUCT_BUNDLE_IDENTIFIER = com.jackhowa.PitchPerfect;
				PRODUCT_NAME = "$(TARGET_NAME)";
				SWIFT_VERSION = 3.0;
			};
			name = Debug;
		};
		EDDD62DB1F05B1E900AEE83E /* Release */ = {
			isa = XCBuildConfiguration;
			buildSettings = {
				ASSETCATALOG_COMPILER_APPICON_NAME = AppIcon;
				DEVELOPMENT_TEAM = GBSL72H2K7;
				INFOPLIST_FILE = PitchPerfect/Info.plist;
				LD_RUNPATH_SEARCH_PATHS = "$(inherited) @executable_path/Frameworks";
				PRODUCT_BUNDLE_IDENTIFIER = com.jackhowa.PitchPerfect;
				PRODUCT_NAME = "$(TARGET_NAME)";
				SWIFT_VERSION = 3.0;
			};
			name = Release;
		};
/* End XCBuildConfiguration section */

/* Begin XCConfigurationList section */
		EDDD62C21F05B1E900AEE83E /* Build configuration list for PBXProject "PitchPerfect" */ = {
			isa = XCConfigurationList;
			buildConfigurations = (
				EDDD62D71F05B1E900AEE83E /* Debug */,
				EDDD62D81F05B1E900AEE83E /* Release */,
			);
			defaultConfigurationIsVisible = 0;
			defaultConfigurationName = Release;
		};
		EDDD62D91F05B1E900AEE83E /* Build configuration list for PBXNativeTarget "PitchPerfect" */ = {
			isa = XCConfigurationList;
			buildConfigurations = (
				EDDD62DA1F05B1E900AEE83E /* Debug */,
				EDDD62DB1F05B1E900AEE83E /* Release */,
			);
			defaultConfigurationIsVisible = 0;
			defaultConfigurationName = Release;
		};
/* End XCConfigurationList section */
	};
	rootObject = EDDD62BF1F05B1E900AEE83E /* Project object */;
}
